
Microsoft Visual Studio Solution File, Format Version 12.00
# Visual Studio 15
VisualStudioVersion = 15.0.28307.1927
MinimumVisualStudioVersion = 10.0.40219.1
Project("{FAE04EC0-301F-11D3-BF4B-00C04F79EFBC}") = "CustomerOrganizer", "CustomerOrganizer\CustomerOrganizer.csproj", "{1311F96D-C0B7-486E-BBD2-741C49D8DBAB}"
EndProject
Global
	GlobalSection(SolutionConfigurationPlatforms) = preSolution
		Debug|Any CPU = Debug|Any CPU
		Release|Any CPU = Release|Any CPU
	EndGlobalSection
	GlobalSection(ProjectConfigurationPlatforms) = postSolution
		{1311F96D-C0B7-486E-BBD2-741C49D8DBAB}.Debug|Any CPU.ActiveCfg = Debug|Any CPU
		{1311F96D-C0B7-486E-BBD2-741C49D8DBAB}.Debug|Any CPU.Build.0 = Debug|Any CPU
		{1311F96D-C0B7-486E-BBD2-741C49D8DBAB}.Release|Any CPU.ActiveCfg = Release|Any CPU
		{1311F96D-C0B7-486E-BBD2-741C49D8DBAB}.Release|Any CPU.Build.0 = Release|Any CPU
	EndGlobalSection
	GlobalSection(SolutionProperties) = preSolution
		HideSolutionNode = FALSE
	EndGlobalSection
	GlobalSection(ExtensibilityGlobals) = postSolution
		SolutionGuid = {00A87354-1629-4D90-8685-EE2470BA0A14}
	EndGlobalSection
EndGlobal
